
Microsoft Visual Studio Solution File, Format Version 12.00
# Visual Studio Version 17
VisualStudioVersion = 17.9.34728.123
MinimumVisualStudioVersion = 10.0.40219.1
Project("{8BC9CEB8-8B4A-11D0-8D11-00A0C91BC942}") = "Test_Git", "Test_Git\Test_Git.vcxproj", "{34090031-9235-4FA0-9907-1C9D03B14E29}"
EndProject
Global
	GlobalSection(SolutionConfigurationPlatforms) = preSolution
		Debug|x64 = Debug|x64
		Debug|x86 = Debug|x86
		Release|x64 = Release|x64
		Release|x86 = Release|x86
	EndGlobalSection
	GlobalSection(ProjectConfigurationPlatforms) = postSolution
		{34090031-9235-4FA0-9907-1C9D03B14E29}.Debug|x64.ActiveCfg = Debug|x64
		{34090031-9235-4FA0-9907-1C9D03B14E29}.Debug|x64.Build.0 = Debug|x64
		{34090031-9235-4FA0-9907-1C9D03B14E29}.Debug|x86.ActiveCfg = Debug|Win32
		{34090031-9235-4FA0-9907-1C9D03B14E29}.Debug|x86.Build.0 = Debug|Win32
		{34090031-9235-4FA0-9907-1C9D03B14E29}.Release|x64.ActiveCfg = Release|x64
		{34090031-9235-4FA0-9907-1C9D03B14E29}.Release|x64.Build.0 = Release|x64
		{34090031-9235-4FA0-9907-1C9D03B14E29}.Release|x86.ActiveCfg = Release|Win32
		{34090031-9235-4FA0-9907-1C9D03B14E29}.Release|x86.Build.0 = Release|Win32
	EndGlobalSection
	GlobalSection(SolutionProperties) = preSolution
		HideSolutionNode = FALSE
	EndGlobalSection
	GlobalSection(ExtensibilityGlobals) = postSolution
		SolutionGuid = {B276F977-4127-4AFC-84B1-C7A58E02046A}
	EndGlobalSection
EndGlobal
